
Microsoft Visual Studio Solution File, Format Version 12.00
Project("{FAE04EC0-301F-11D3-BF4B-00C04F79EFBC}") = "SimpleWebApi", "SimpleWebApi\SimpleWebApi.csproj", "{73DF262B-2FD4-413F-B220-064DAA6EF291}"
EndProject
Global
	GlobalSection(SolutionConfigurationPlatforms) = preSolution
		Debug|Any CPU = Debug|Any CPU
		Release|Any CPU = Release|Any CPU
	EndGlobalSection
	GlobalSection(ProjectConfigurationPlatforms) = postSolution
		{73DF262B-2FD4-413F-B220-064DAA6EF291}.Debug|Any CPU.ActiveCfg = Debug|Any CPU
		{73DF262B-2FD4-413F-B220-064DAA6EF291}.Debug|Any CPU.Build.0 = Debug|Any CPU
		{73DF262B-2FD4-413F-B220-064DAA6EF291}.Release|Any CPU.ActiveCfg = Release|Any CPU
		{73DF262B-2FD4-413F-B220-064DAA6EF291}.Release|Any CPU.Build.0 = Release|Any CPU
	EndGlobalSection
EndGlobal
